github.com/advanced-go/observation v0.0.0-20240708230714-bb6b156c5bfc h1:yrujGfWeLTNh9gYXE7Rijyf7qlsD1GIGl+F8VyjhMdw=
github.com/advanced-go/observation v0.0.0-20240708230714-bb6b156c5bfc/go.mod h1:ePU0V8aj0ddPVDlKC+I+LhBG7+FKIzVkDuo58pd8seo=
github.com/advanced-go/stdlib v0.0.0-20240708170522-7be8b6cab9da h1:ur/pt3miF5jeLKKfiHj7PNsi7AbqIh7nKpJ5iyJk7CE=
github.com/advanced-go/stdlib v0.0.0-20240708170522-7be8b6cab9da/go.mod h1:bvuWc7Tx57LArgrEvbPxKW4hvIYGS3pw7iG4P6xofoQ=
