github.com/advanced-go/experience v0.0.0-20240730062915-06ddc87c0672 h1:gRtbHQfc/zWx73PvBzBQxQvfgL82ji8QwYNLj2xasBo=
github.com/advanced-go/experience v0.0.0-20240730062915-06ddc87c0672/go.mod h1:rjylV4tL3ttAOVvoRvCLxxICo79JKygCTZQEspfFvEM=
github.com/advanced-go/experience v0.0.0-20240730133437-a234da7ee48c h1:WTWzuuWTMw3yv3ev4qDfsXIJ7xUfCYAW+IoLSkowOow=
github.com/advanced-go/experience v0.0.0-20240730133437-a234da7ee48c/go.mod h1:rjylV4tL3ttAOVvoRvCLxxICo79JKygCTZQEspfFvEM=
github.com/advanced-go/experience v0.0.0-20240811120348-9d720367d972 h1:L/8BMHS+MWgyCwDyvl0t1QXNgx+mnaOHoXcDXfQBTXM=
github.com/advanced-go/experience v0.0.0-20240811120348-9d720367d972/go.mod h1:Y79NtJLovoBNt5Xo213FXSry2qfUA+G3qXxQiS6WO1c=
github.com/advanced-go/experience v0.0.0-20240811123632-6ab820068151 h1:oWDPzpOVanB0+u9fbr4hLtusxchz5j3loIXIQxcfRkA=
github.com/advanced-go/experience v0.0.0-20240811123632-6ab820068151/go.mod h1:Y79NtJLovoBNt5Xo213FXSry2qfUA+G3qXxQiS6WO1c=
github.com/advanced-go/guidance v0.0.0-20240718194714-fb9c3df720d5 h1:4+YNnTo/OqtrE4jwYJ5ZeEaex1xFYEFabIHfwaQzZ4U=
github.com/advanced-go/guidance v0.0.0-20240718194714-fb9c3df720d5/go.mod h1:6GqdPnE0Fh6o34pehFuYf9No3NOHlW0NeXEqgp+xy3Y=
github.com/advanced-go/guidance v0.0.0-20240724124403-97786ec4fee7 h1:FQH3WNH6p/KIkoqRxrSWxCyMxlvIJkZhmCJOKri7Ipo=
github.com/advanced-go/guidance v0.0.0-20240724124403-97786ec4fee7/go.mod h1:lOQhLUD+iPTIy66cY3ib0BojGFVh+DwKmORw4/rFWb8=
github.com/advanced-go/guidance v0.0.0-20240724141138-14a7b455c06a h1:4gqg2LR1zXxr0OYMZ0hyZMVeuNDiTFkNBJpGkLSV0Hk=
github.com/advanced-go/guidance v0.0.0-20240724141138-14a7b455c06a/go.mod h1:lOQhLUD+iPTIy66cY3ib0BojGFVh+DwKmORw4/rFWb8=
github.com/advanced-go/guidance v0.0.0-20240725120824-273da0cdc060 h1:W1GNv3xNnEHgQ1QSCMsfKFYfRMgzvkHoXmliCW68HvE=
github.com/advanced-go/guidance v0.0.0-20240725120824-273da0cdc060/go.mod h1:lOQhLUD+iPTIy66cY3ib0BojGFVh+DwKmORw4/rFWb8=
github.com/advanced-go/guidance v0.0.0-20240725122739-b97d39487f32 h1:Pj10oR+uxut9AJ/K/nIOvqDEaGgw9QR18jQcPw3gbWo=
github.com/advanced-go/guidance v0.0.0-20240725122739-b97d39487f32/go.mod h1:lOQhLUD+iPTIy66cY3ib0BojGFVh+DwKmORw4/rFWb8=
github.com/advanced-go/guidance v0.0.0-20240725134713-5c43df240069 h1:zx+2DKMBq95gdfnOurUVS5JwSv3gmoQSHmevsYzpq4w=
github.com/advanced-go/guidance v0.0.0-20240725134713-5c43df240069/go.mod h1:lOQhLUD+iPTIy66cY3ib0BojGFVh+DwKmORw4/rFWb8=
github.com/advanced-go/guidance v0.0.0-20240725143915-d3168eb7cfef h1:49xhdg1vkz7X8Gm5wtwW0kd60s2uzemEjfxXuCLGRfY=
github.com/advanced-go/guidance v0.0.0-20240725143915-d3168eb7cfef/go.mod h1:lOQhLUD+iPTIy66cY3ib0BojGFVh+DwKmORw4/rFWb8=
github.com/advanced-go/guidance v0.0.0-20240726160118-299946960c87 h1:yzrOv93/5384qoCdBc3gR97rff7lXgwRF2xBDNCqabw=
github.com/advanced-go/guidance v0.0.0-20240726160118-299946960c87/go.mod h1:lOQhLUD+iPTIy66cY3ib0BojGFVh+DwKmORw4/rFWb8=
github.com/advanced-go/guidance v0.0.0-20240811121928-d8b5c403604e h1:FOocS3luSdZr7G5xzl+lzjn+o3ep33+BtAnzjRgZ+D8=
github.com/advanced-go/guidance v0.0.0-20240811121928-d8b5c403604e/go.mod h1:lOQhLUD+iPTIy66cY3ib0BojGFVh+DwKmORw4/rFWb8=
github.com/advanced-go/guidance v0.0.0-20240812144035-711b66a2e4e5 h1:3OXRNuL/hJkl29I2L303Xbyrwf1wa5ASnnOfmKs+Uyc=
github.com/advanced-go/guidance v0.0.0-20240812144035-711b66a2e4e5/go.mod h1:lOQhLUD+iPTIy66cY3ib0BojGFVh+DwKmORw4/rFWb8=
github.com/advanced-go/guidance v0.0.0-20240815104019-4a15c9de0a02 h1:3dMhT7RfFzRYaNiELwqsX5c5WpXESulSZrQyqrL02zc=
github.com/advanced-go/guidance v0.0.0-20240815104019-4a15c9de0a02/go.mod h1:lOQhLUD+iPTIy66cY3ib0BojGFVh+DwKmORw4/rFWb8=
github.com/advanced-go/guidance v0.0.0-20240816190144-ab0d82f587a8 h1:mkPjpRhlJYmpQxnOVq8zHu+fjAgZa/QlfbI7tOdB1Fc=
github.com/advanced-go/guidance v0.0.0-20240816190144-ab0d82f587a8/go.mod h1:lOQhLUD+iPTIy66cY3ib0BojGFVh+DwKmORw4/rFWb8=
github.com/advanced-go/guidance v0.0.0-20240817112056-008d2af2c2cf h1:TiGYAHLR7m2181ArI4UbRwxHbAa7HrXPE+HDkwv4Xpo=
github.com/advanced-go/guidance v0.0.0-20240817112056-008d2af2c2cf/go.mod h1:lOQhLUD+iPTIy66cY3ib0BojGFVh+DwKmORw4/rFWb8=
github.com/advanced-go/guidance v0.0.0-20240817120531-59d8d37cddbe h1:hJ7gFNFaBMS3noCchcCkSykVv5kkkI3yzFotIwqvlZs=
github.com/advanced-go/guidance v0.0.0-20240817120531-59d8d37cddbe/go.mod h1:lOQhLUD+iPTIy66cY3ib0BojGFVh+DwKmORw4/rFWb8=
github.com/advanced-go/guidance v0.0.0-20240817123929-7fcc027f29f4 h1:hpRnJnq+RLQujM9dn1hLJAu4JIe6qr9KDp1HKs3HTBU=
github.com/advanced-go/guidance v0.0.0-20240817123929-7fcc027f29f4/go.mod h1:lOQhLUD+iPTIy66cY3ib0BojGFVh+DwKmORw4/rFWb8=
github.com/advanced-go/guidance v0.0.0-20240820100751-846483714885 h1:IVc/nnBxFDPG+6sbi3gJiFdW5XY9E66kxmn79F2CVNg=
github.com/advanced-go/guidance v0.0.0-20240820100751-846483714885/go.mod h1:lOQhLUD+iPTIy66cY3ib0BojGFVh+DwKmORw4/rFWb8=
github.com/advanced-go/guidance v0.0.0-20240820102228-15363762e68a h1:7XkJQ2gEU4NeVoHuntEr6gUahKdByUVDKzzxfn0L4CA=
github.com/advanced-go/guidance v0.0.0-20240820102228-15363762e68a/go.mod h1:lOQhLUD+iPTIy66cY3ib0BojGFVh+DwKmORw4/rFWb8=
github.com/advanced-go/guidance v0.0.0-20240820132654-0f9189e50e48 h1:DnDEzekbE+eQFqjvfQaBwGr74NQZzk4jfOywo9OfM5w=
github.com/advanced-go/guidance v0.0.0-20240820132654-0f9189e50e48/go.mod h1:lOQhLUD+iPTIy66cY3ib0BojGFVh+DwKmORw4/rFWb8=
github.com/advanced-go/guidance v0.0.0-20240820140008-ce43b79ec3d3 h1:eBvIpZLrqfOVZRgstk5EbgkejAp6t085r8tB1RVijvw=
github.com/advanced-go/guidance v0.0.0-20240820140008-ce43b79ec3d3/go.mod h1:lOQhLUD+iPTIy66cY3ib0BojGFVh+DwKmORw4/rFWb8=
github.com/advanced-go/guidance v0.0.0-20240820154403-21a7b25599f9 h1:onyRLqaxI4ibjc9CA+TSDi8YEYPf0r3x9F75tWi5X14=
github.com/advanced-go/guidance v0.0.0-20240820154403-21a7b25599f9/go.mod h1:lOQhLUD+iPTIy66cY3ib0BojGFVh+DwKmORw4/rFWb8=
github.com/advanced-go/guidance v0.0.0-20240822101029-e97524a7580b h1:wK65K+BaFT0OsIfdBuWlRNtS59qzVt4WUrexyQFbZGo=
github.com/advanced-go/guidance v0.0.0-20240822101029-e97524a7580b/go.mod h1:lOQhLUD+iPTIy66cY3ib0BojGFVh+DwKmORw4/rFWb8=
github.com/advanced-go/guidance v0.0.0-20240822170736-1c25c0e195a1 h1:Lkp8b+G+xLgpxzpDhU0cWu+tlye4Omv+WUR2kvQjXGw=
github.com/advanced-go/guidance v0.0.0-20240822170736-1c25c0e195a1/go.mod h1:lOQhLUD+iPTIy66cY3ib0BojGFVh+DwKmORw4/rFWb8=
github.com/advanced-go/guidance v0.0.0-20240822175421-30a34b20ed46 h1:umaDt2/ipQVWVlDDEJySDVwtRP4JvRsyZhL8c35tozI=
github.com/advanced-go/guidance v0.0.0-20240822175421-30a34b20ed46/go.mod h1:lOQhLUD+iPTIy66cY3ib0BojGFVh+DwKmORw4/rFWb8=
github.com/advanced-go/guidance v0.0.0-20240822195818-f1fc7524291d h1:IKwkLdlkjajbZu+kkWY+4jSxSQIKdqq4RSgS9g1+IFs=
github.com/advanced-go/guidance v0.0.0-20240822195818-f1fc7524291d/go.mod h1:lOQhLUD+iPTIy66cY3ib0BojGFVh+DwKmORw4/rFWb8=
github.com/advanced-go/observation v0.0.0-20240720114725-42e5dc267784 h1:aCwgv804Bm6JY6HRpnmRDZWmcgL+5s387nSi/bMlhvk=
github.com/advanced-go/observation v0.0.0-20240720114725-42e5dc267784/go.mod h1:LIAGTP/K0wlft3dYhHqn69QSFn9wlkcXA+c3hfh18HQ=
github.com/advanced-go/observation v0.0.0-20240726165650-9302f1cc6c99 h1:7r1+XDvOp8QCYeu8Kn0JvVqSKB39lCF06PHlzneUGtc=
github.com/advanced-go/observation v0.0.0-20240726165650-9302f1cc6c99/go.mod h1:LIAGTP/K0wlft3dYhHqn69QSFn9wlkcXA+c3hfh18HQ=
github.com/advanced-go/observation v0.0.0-20240730065533-3f105f9af1e7 h1:WfQe4PpL8dMYxNV5EjEc2hZRPjaXveqOHQIaY//980A=
github.com/advanced-go/observation v0.0.0-20240730065533-3f105f9af1e7/go.mod h1:LIAGTP/K0wlft3dYhHqn69QSFn9wlkcXA+c3hfh18HQ=
github.com/advanced-go/observation v0.0.0-20240730125903-06fe1340917f h1:u6dkegq9mh/U+klbCYZrV+dS2jznFnZ/1s6i6THatHI=
github.com/advanced-go/observation v0.0.0-20240730125903-06fe1340917f/go.mod h1:LIAGTP/K0wlft3dYhHqn69QSFn9wlkcXA+c3hfh18HQ=
github.com/advanced-go/observation v0.0.0-20240731141632-364bb4f7a108 h1:CcWv5ne32rcIaCjtB38eLzuA8zNjh5BDBOhj6zzDQ1o=
github.com/advanced-go/observation v0.0.0-20240731141632-364bb4f7a108/go.mod h1:LIAGTP/K0wlft3dYhHqn69QSFn9wlkcXA+c3hfh18HQ=
github.com/advanced-go/postgresql v0.0.0-20240720114046-6e895f523ca7 h1:gV/02K4kwRgc7VvURXWoFxWXGiv/Uwff2KE81l46OnI=
github.com/advanced-go/postgresql v0.0.0-20240720114046-6e895f523ca7/go.mod h1:3SiG2g3uvHzbVHR7YY3bLN+Zm3+lFgSSwh4Pnwgtx2I=
github.com/advanced-go/stdlib v0.0.0-20240720143032-497f75062842 h1:EDnv461v8FnHJ/NiTzozp3Pm3Oo8pWrvCbKDuEHYkKc=
github.com/advanced-go/stdlib v0.0.0-20240720143032-497f75062842/go.mod h1:bvuWc7Tx57LArgrEvbPxKW4hvIYGS3pw7iG4P6xofoQ=
github.com/advanced-go/stdlib v0.0.0-20240724140723-7c69c50b844d h1:KREEYNOq5dWpN9shGccGlCEIOYKRU1k2JMb3nw1cIy0=
github.com/advanced-go/stdlib v0.0.0-20240724140723-7c69c50b844d/go.mod h1:bvuWc7Tx57LArgrEvbPxKW4hvIYGS3pw7iG4P6xofoQ=
github.com/advanced-go/stdlib v0.0.0-20240726121946-7eb4ddb1fa65 h1:WaT397uewLacEVkBm3rcHKUhyO8nLdTju75W5Tat5is=
github.com/advanced-go/stdlib v0.0.0-20240726121946-7eb4ddb1fa65/go.mod h1:bvuWc7Tx57LArgrEvbPxKW4hvIYGS3pw7iG4P6xofoQ=
github.com/advanced-go/stdlib v0.0.0-20240731141410-549a004bb5f4 h1:yYIRh+kF55jCoeilSyqeR3c3U+UTZBfBxWoMZZEvEy4=
github.com/advanced-go/stdlib v0.0.0-20240731141410-549a004bb5f4/go.mod h1:bvuWc7Tx57LArgrEvbPxKW4hvIYGS3pw7iG4P6xofoQ=
github.com/advanced-go/stdlib v0.0.0-20240811140104-7a5e56258209 h1:7CyUSy9xO/4VJxu68FyoOnwtuhgbUq3T2FAJEuhZy+U=
github.com/advanced-go/stdlib v0.0.0-20240811140104-7a5e56258209/go.mod h1:bvuWc7Tx57LArgrEvbPxKW4hvIYGS3pw7iG4P6xofoQ=
github.com/advanced-go/stdlib v0.0.0-20240820084642-6dfc02a6c2c1 h1:62TzOYbuw1TWsWAtezHc0i1kiJ9q6Fjau4cfPZHu38c=
github.com/advanced-go/stdlib v0.0.0-20240820084642-6dfc02a6c2c1/go.mod h1:bvuWc7Tx57LArgrEvbPxKW4hvIYGS3pw7iG4P6xofoQ=
github.com/advanced-go/stdlib v0.0.0-20240820090302-2c4d55f08513 h1:1TpqmL6OD8pwIetjbKzxs3QYlc/2ainqZk+jJsfSTO4=
github.com/advanced-go/stdlib v0.0.0-20240820090302-2c4d55f08513/go.mod h1:bvuWc7Tx57LArgrEvbPxKW4hvIYGS3pw7iG4P6xofoQ=
github.com/advanced-go/stdlib v0.0.0-20240820093621-b2efb18cfcc7 h1:K5r9y6lf4Rp4j6Nfwsa+p/WWDxcTecpYh6x7HSKw7tA=
github.com/advanced-go/stdlib v0.0.0-20240820093621-b2efb18cfcc7/go.mod h1:bvuWc7Tx57LArgrEvbPxKW4hvIYGS3pw7iG4P6xofoQ=
github.com/advanced-go/stdlib v0.0.0-20240821125314-1d94366d47c7 h1:z15vX/2Cxzral62CHfsZlKU6A2jRjkh3i8ZR/su6z2U=
github.com/advanced-go/stdlib v0.0.0-20240821125314-1d94366d47c7/go.mod h1:bvuWc7Tx57LArgrEvbPxKW4hvIYGS3pw7iG4P6xofoQ=
github.com/advanced-go/stdlib v0.0.0-20240822140606-6cb796254bcf h1:Pd0jDlG6EkJhLpGjfAFs5jjAFvwd9n2BJTvntwEHZVQ=
github.com/advanced-go/stdlib v0.0.0-20240822140606-6cb796254bcf/go.mod h1:bvuWc7Tx57LArgrEvbPxKW4hvIYGS3pw7iG4P6xofoQ=
github.com/advanced-go/stdlib v0.0.0-20240822153358-74cfbf31c7a1 h1:U2dgY2ldhdDqNHHbUadc5a8R4jk6OYHPs8LQCnge5pY=
github.com/advanced-go/stdlib v0.0.0-20240822153358-74cfbf31c7a1/go.mod h1:bvuWc7Tx57LArgrEvbPxKW4hvIYGS3pw7iG4P6xofoQ=
github.com/davecgh/go-spew v1.1.0/go.mod h1:J7Y8YcW2NihsgmVo/mv3lAwl/skON4iLHjSsI+c5H38=
github.com/davecgh/go-spew v1.1.1 h1:vj9j/u1bqnvCEfJOwUhtlOARqs3+rkHYY13jYWTU97c=
github.com/davecgh/go-spew v1.1.1/go.mod h1:J7Y8YcW2NihsgmVo/mv3lAwl/skON4iLHjSsI+c5H38=
github.com/google/uuid v1.6.0 h1:NIvaJDMOsjHA8n1jAhLSgzrAzy1Hgr+hNrb57e+94F0=
github.com/google/uuid v1.6.0/go.mod h1:TIyPZe4MgqvfeYDBFedMoGGpEw/LqOeaOT+nhxU+yHo=
github.com/jackc/pgpassfile v1.0.0 h1:/6Hmqy13Ss2zCq62VdNG8tM1wchn8zjSGOBJ6icpsIM=
github.com/jackc/pgpassfile v1.0.0/go.mod h1:CEx0iS5ambNFdcRtxPj5JhEz+xB6uRky5eyVu/W2HEg=
github.com/jackc/pgservicefile v0.0.0-20221227161230-091c0ba34f0a h1:bbPeKD0xmW/Y25WS6cokEszi5g+S0QxI/d45PkRi7Nk=
github.com/jackc/pgservicefile v0.0.0-20221227161230-091c0ba34f0a/go.mod h1:5TJZWKEWniPve33vlWYSoGYefn3gLQRzjfDlhSJ9ZKM=
github.com/jackc/pgx/v5 v5.5.0 h1:NxstgwndsTRy7eq9/kqYc/BZh5w2hHJV86wjvO+1xPw=
github.com/jackc/pgx/v5 v5.5.0/go.mod h1:Ig06C2Vu0t5qXC60W8sqIthScaEnFvojjj9dSljmHRA=
github.com/jackc/puddle/v2 v2.2.1 h1:RhxXJtFG022u4ibrCSMSiu5aOq1i77R3OHKNJj77OAk=
github.com/jackc/puddle/v2 v2.2.1/go.mod h1:vriiEXHvEE654aYKXXjOvZM39qJ0q+azkZFrfEOc3H4=
github.com/pmezard/go-difflib v1.0.0 h1:4DBwDE0NGyQoBHbLQYPwSUPoCMWR5BEzIk/f1lZbAQM=
github.com/pmezard/go-difflib v1.0.0/go.mod h1:iKH77koFhYxTK1pcRnkKkqfTogsbg7gZNVY4sRDYZ/4=
github.com/stretchr/objx v0.1.0/go.mod h1:HFkY916IF+rwdDfMAkV7OtwuqBVzrE8GR6GFx+wExME=
github.com/stretchr/testify v1.3.0/go.mod h1:M5WIy9Dh21IEIfnGCwXGc5bZfKNJtfHm1UVUgZn+9EI=
github.com/stretchr/testify v1.7.0/go.mod h1:6Fq8oRcR53rry900zMqJjRRixrwX3KX962/h/Wwjteg=
github.com/stretchr/testify v1.8.1 h1:w7B6lhMri9wdJUVmEZPGGhZzrYTPvgJArz7wNPgYKsk=
github.com/stretchr/testify v1.8.1/go.mod h1:w2LPCIKwWwSfY2zedu0+kehJoqGctiVI29o6fzry7u4=
golang.org/x/crypto v0.9.0 h1:LF6fAI+IutBocDJ2OT0Q1g8plpYljMZ4+lty+dsqw3g=
golang.org/x/crypto v0.9.0/go.mod h1:yrmDGqONDYtNj3tH8X9dzUun2m2lzPa9ngI6/RUPGR0=
golang.org/x/sync v0.1.0 h1:wsuoTGHzEhffawBOhz5CYhcrV4IdKZbEyZjBMuTp12o=
golang.org/x/sync v0.1.0/go.mod h1:RxMgew5VJxzue5/jJTE5uejpjVlOe/izrB70Jof72aM=
golang.org/x/text v0.9.0 h1:2sjJmO8cDvYveuX97RDLsxlyUxLl+GHoLxBiRdHllBE=
golang.org/x/text v0.9.0/go.mod h1:e1OnstbJyHTd6l/uOt8jFFHp6TRDWZR/bV3emEE/zU8=
gopkg.in/check.v1 v0.0.0-20161208181325-20d25e280405/go.mod h1:Co6ibVJAznAaIkqp8huTwlJQCZ016jof/cbN4VW5Yz0=
gopkg.in/yaml.v3 v3.0.0-20200313102051-9f266ea9e77c/go.mod h1:K4uyk7z7BCEPqu6E+C64Yfv1cQ7kz7rIZviUmN+EgEM=
gopkg.in/yaml.v3 v3.0.1 h1:fxVm/GzAzEWqLHuvctI91KS9hhNmmWOoWu0XTYJS7CA=
gopkg.in/yaml.v3 v3.0.1/go.mod h1:K4uyk7z7BCEPqu6E+C64Yfv1cQ7kz7rIZviUmN+EgEM=
