github.com/advanced-go/access v0.0.0-20240917105736-bf2d8fe2cbcf h1:Uycx2mVa8wuRqnQ5HY12bDdQnjMCfv84ZNShJJXZ1ZY=
github.com/advanced-go/access v0.0.0-20240917105736-bf2d8fe2cbcf/go.mod h1:71ToN/h+tHkl48UIaBu2KV35wbAPRzplxWMs4dd8WE8=
github.com/advanced-go/events v0.0.0-20240918124335-07bd40a619d5 h1:inDuwwD4yTlVz5lCU94srZoi+RrQyb9CuZm+MN/JLmw=
github.com/advanced-go/events v0.0.0-20240918124335-07bd40a619d5/go.mod h1:Zm78pJ1o/gX8n0L2GrkhWBlt8OPwHwkGzGiINWr2rgc=
github.com/advanced-go/events v0.0.0-20240918130728-97e1035b0418 h1:MykEg6IXTI56RQIfLLjP/CnyikAXagpb5eLvAafTVfg=
github.com/advanced-go/events v0.0.0-20240918130728-97e1035b0418/go.mod h1:Zm78pJ1o/gX8n0L2GrkhWBlt8OPwHwkGzGiINWr2rgc=
github.com/advanced-go/events v0.0.0-20240918150315-ad7def7f309f h1:qU1VkTW6onnn2Xf7WdTLs4Eam1TWwq/n5EfNrFVtEh4=
github.com/advanced-go/events v0.0.0-20240918150315-ad7def7f309f/go.mod h1:Zm78pJ1o/gX8n0L2GrkhWBlt8OPwHwkGzGiINWr2rgc=
github.com/advanced-go/events v0.0.0-20240918211422-9e9bab27b217 h1:MHSigBEbAVbnnETJ0o9JXNUonMcyQN5viScky+zegqQ=
github.com/advanced-go/events v0.0.0-20240918211422-9e9bab27b217/go.mod h1:Zm78pJ1o/gX8n0L2GrkhWBlt8OPwHwkGzGiINWr2rgc=
github.com/advanced-go/events v0.0.0-20240919111052-11bb95a3fa26 h1:MCPx+VD4kWiDmutotImldtis68RtGt4RN0E4/R3yORo=
github.com/advanced-go/events v0.0.0-20240919111052-11bb95a3fa26/go.mod h1:Zm78pJ1o/gX8n0L2GrkhWBlt8OPwHwkGzGiINWr2rgc=
github.com/advanced-go/events v0.0.0-20240920095057-854449ca8be0 h1:VFktlmdgcF4DVRlcUS9XLNk8zlTNKM1fkT3+1sUSEOc=
github.com/advanced-go/events v0.0.0-20240920095057-854449ca8be0/go.mod h1:Zm78pJ1o/gX8n0L2GrkhWBlt8OPwHwkGzGiINWr2rgc=
github.com/advanced-go/events v0.0.0-20240920162440-8a2b92489d96 h1:fbcLe1BeYCPWGb029hgQgn231M2hKRoej+jTYRPnLQs=
github.com/advanced-go/events v0.0.0-20240920162440-8a2b92489d96/go.mod h1:Zm78pJ1o/gX8n0L2GrkhWBlt8OPwHwkGzGiINWr2rgc=
github.com/advanced-go/events v0.0.0-20240920162644-2b216c309a11 h1:DRKmc3cn+bg6ijxIhdUz6GDQOuCAN3gHWuiQA1AyG6g=
github.com/advanced-go/events v0.0.0-20240920162644-2b216c309a11/go.mod h1:Zm78pJ1o/gX8n0L2GrkhWBlt8OPwHwkGzGiINWr2rgc=
github.com/advanced-go/experience v0.0.0-20240918101845-760e5553f9cf h1:oZtrU1JWlwL28e4kWBXKIRShBxy0srnnxA35lm/xOKs=
github.com/advanced-go/experience v0.0.0-20240918101845-760e5553f9cf/go.mod h1:pufw1sYeuZmrJnJZM0SxlaRqYXHjm+2x+GPKHkzIku0=
github.com/advanced-go/experience v0.0.0-20240918151109-115d61d5dc35 h1:gn2TgqrSo6cPy8b8F/x5KI1NlO0xEjz7kbyYiEWaD30=
github.com/advanced-go/experience v0.0.0-20240918151109-115d61d5dc35/go.mod h1:pufw1sYeuZmrJnJZM0SxlaRqYXHjm+2x+GPKHkzIku0=
github.com/advanced-go/experience v0.0.0-20240918211118-4ad9b3bb3302 h1:R+qa0ay4Zbk7hqHHMa+SHkJ7Utx6yljASbaxCWPh+eo=
github.com/advanced-go/experience v0.0.0-20240918211118-4ad9b3bb3302/go.mod h1:pufw1sYeuZmrJnJZM0SxlaRqYXHjm+2x+GPKHkzIku0=
github.com/advanced-go/experience v0.0.0-20240919111115-24f451266b56 h1:58TjMkUyS5MpGGmP2dzzEVDdA1z7iIvOqh+uwqS+M0w=
github.com/advanced-go/experience v0.0.0-20240919111115-24f451266b56/go.mod h1:pufw1sYeuZmrJnJZM0SxlaRqYXHjm+2x+GPKHkzIku0=
github.com/advanced-go/experience v0.0.0-20240919112316-fc0ee2aa74e2 h1:fZ+OqVDwUL/N6WBDJAAZU15r4KbJkbvREFfGWsDAslI=
github.com/advanced-go/experience v0.0.0-20240919112316-fc0ee2aa74e2/go.mod h1:pufw1sYeuZmrJnJZM0SxlaRqYXHjm+2x+GPKHkzIku0=
github.com/advanced-go/guidance v0.0.0-20240917115724-e392226f64aa h1:KpeuZue56I/eu55Ow1sBWHM9QkhORZR6zUD+fFpLui0=
github.com/advanced-go/guidance v0.0.0-20240917115724-e392226f64aa/go.mod h1:EBTCMRRG384Zy+UKadYkJWxafldv8ZmBqZEaxbY9WCI=
github.com/advanced-go/guidance v0.0.0-20240917144740-333c061fdc06 h1:JiEyWVBmmCfYQs4V0bNgQ2Am9xTvdAV/JydFLXn3KrE=
github.com/advanced-go/guidance v0.0.0-20240917144740-333c061fdc06/go.mod h1:EBTCMRRG384Zy+UKadYkJWxafldv8ZmBqZEaxbY9WCI=
github.com/advanced-go/guidance v0.0.0-20240919131042-e19304e22353 h1:TRALYh9zhjBLDq7jyxJ+wnvnaPo5m+1pffzs+rhzOUw=
github.com/advanced-go/guidance v0.0.0-20240919131042-e19304e22353/go.mod h1:EBTCMRRG384Zy+UKadYkJWxafldv8ZmBqZEaxbY9WCI=
github.com/advanced-go/guidance v0.0.0-20240919152806-8b9427aed37f h1:I+BmsoQe6QczANzlaAmeEuzAuXBfT7t738zfdiw/r2k=
github.com/advanced-go/guidance v0.0.0-20240919152806-8b9427aed37f/go.mod h1:EBTCMRRG384Zy+UKadYkJWxafldv8ZmBqZEaxbY9WCI=
github.com/advanced-go/guidance v0.0.0-20240919160055-425ecb09f29d h1:s+p2oWcL0aeUIote0SP+cKYywGUzT9DsWT6JlASWLd4=
github.com/advanced-go/guidance v0.0.0-20240919160055-425ecb09f29d/go.mod h1:EBTCMRRG384Zy+UKadYkJWxafldv8ZmBqZEaxbY9WCI=
github.com/advanced-go/guidance v0.0.0-20240920095140-ad0021493d20 h1:/cFDkIzp9zUwcGcWZXmSs6HrX4x8fbZ1Qvpl2U/A3UQ=
github.com/advanced-go/guidance v0.0.0-20240920095140-ad0021493d20/go.mod h1:EBTCMRRG384Zy+UKadYkJWxafldv8ZmBqZEaxbY9WCI=
github.com/advanced-go/guidance v0.0.0-20240921130911-5a54b2e1444e h1:oeVtrIuKOt7hSzSopqIWu/GJnkDHvH7NM0W81XJ+aZM=
github.com/advanced-go/guidance v0.0.0-20240921130911-5a54b2e1444e/go.mod h1:EBTCMRRG384Zy+UKadYkJWxafldv8ZmBqZEaxbY9WCI=
github.com/advanced-go/observation v0.0.0-20240914160125-b5563f58d24d h1:y/+FeDv9kGHX1smsPwvh9hOuwlpxe86RCpZso+ia6bw=
github.com/advanced-go/observation v0.0.0-20240914160125-b5563f58d24d/go.mod h1:txoGaQfJAe8XS0WAAAlVcRgsYhn9kXheTaAzOIZXP2k=
github.com/advanced-go/postgresql v0.0.0-20240914153537-d55ad0af58ff h1:3sX2OtE7vIMaSZtfICAwnCtWlEIy6dNrLHj11jPyBus=
github.com/advanced-go/postgresql v0.0.0-20240914153537-d55ad0af58ff/go.mod h1:dn2skh7IPl4RTnrCFzugsLmLaWkb5U0ub1elMcTCbn8=
github.com/advanced-go/stdlib v0.0.0-20240917153945-4eae429aec37 h1:+S/m7jDkkGBfTa7DVzDHfxIB+Zqvt4YFIIAKxfNKElQ=
github.com/advanced-go/stdlib v0.0.0-20240917153945-4eae429aec37/go.mod h1:bvuWc7Tx57LArgrEvbPxKW4hvIYGS3pw7iG4P6xofoQ=
github.com/advanced-go/stdlib v0.0.0-20240919193716-b4a54812bde6 h1:dwoSlV+yRHxFeRdkzCn6MyrzTBh+k0eDlcp+wHjVNjM=
github.com/advanced-go/stdlib v0.0.0-20240919193716-b4a54812bde6/go.mod h1:bvuWc7Tx57LArgrEvbPxKW4hvIYGS3pw7iG4P6xofoQ=
github.com/davecgh/go-spew v1.1.0/go.mod h1:J7Y8YcW2NihsgmVo/mv3lAwl/skON4iLHjSsI+c5H38=
github.com/davecgh/go-spew v1.1.1 h1:vj9j/u1bqnvCEfJOwUhtlOARqs3+rkHYY13jYWTU97c=
github.com/davecgh/go-spew v1.1.1/go.mod h1:J7Y8YcW2NihsgmVo/mv3lAwl/skON4iLHjSsI+c5H38=
github.com/google/uuid v1.6.0 h1:NIvaJDMOsjHA8n1jAhLSgzrAzy1Hgr+hNrb57e+94F0=
github.com/google/uuid v1.6.0/go.mod h1:TIyPZe4MgqvfeYDBFedMoGGpEw/LqOeaOT+nhxU+yHo=
github.com/jackc/pgpassfile v1.0.0 h1:/6Hmqy13Ss2zCq62VdNG8tM1wchn8zjSGOBJ6icpsIM=
github.com/jackc/pgpassfile v1.0.0/go.mod h1:CEx0iS5ambNFdcRtxPj5JhEz+xB6uRky5eyVu/W2HEg=
github.com/jackc/pgservicefile v0.0.0-20240606120523-5a60cdf6a761 h1:iCEnooe7UlwOQYpKFhBabPMi4aNAfoODPEFNiAnClxo=
github.com/jackc/pgservicefile v0.0.0-20240606120523-5a60cdf6a761/go.mod h1:5TJZWKEWniPve33vlWYSoGYefn3gLQRzjfDlhSJ9ZKM=
github.com/jackc/pgx/v5 v5.7.1 h1:x7SYsPBYDkHDksogeSmZZ5xzThcTgRz++I5E+ePFUcs=
github.com/jackc/pgx/v5 v5.7.1/go.mod h1:e7O26IywZZ+naJtWWos6i6fvWK+29etgITqrqHLfoZA=
github.com/jackc/puddle/v2 v2.2.2 h1:PR8nw+E/1w0GLuRFSmiioY6UooMp6KJv0/61nB7icHo=
github.com/jackc/puddle/v2 v2.2.2/go.mod h1:vriiEXHvEE654aYKXXjOvZM39qJ0q+azkZFrfEOc3H4=
github.com/pmezard/go-difflib v1.0.0 h1:4DBwDE0NGyQoBHbLQYPwSUPoCMWR5BEzIk/f1lZbAQM=
github.com/pmezard/go-difflib v1.0.0/go.mod h1:iKH77koFhYxTK1pcRnkKkqfTogsbg7gZNVY4sRDYZ/4=
github.com/stretchr/objx v0.1.0/go.mod h1:HFkY916IF+rwdDfMAkV7OtwuqBVzrE8GR6GFx+wExME=
github.com/stretchr/testify v1.3.0/go.mod h1:M5WIy9Dh21IEIfnGCwXGc5bZfKNJtfHm1UVUgZn+9EI=
github.com/stretchr/testify v1.7.0/go.mod h1:6Fq8oRcR53rry900zMqJjRRixrwX3KX962/h/Wwjteg=
github.com/stretchr/testify v1.8.1 h1:w7B6lhMri9wdJUVmEZPGGhZzrYTPvgJArz7wNPgYKsk=
github.com/stretchr/testify v1.8.1/go.mod h1:w2LPCIKwWwSfY2zedu0+kehJoqGctiVI29o6fzry7u4=
golang.org/x/crypto v0.27.0 h1:GXm2NjJrPaiv/h1tb2UH8QfgC/hOf/+z0p6PT8o1w7A=
golang.org/x/crypto v0.27.0/go.mod h1:1Xngt8kV6Dvbssa53Ziq6Eqn0HqbZi5Z6R0ZpwQzt70=
golang.org/x/sync v0.8.0 h1:3NFvSEYkUoMifnESzZl15y791HH1qU2xm6eCJU5ZPXQ=
golang.org/x/sync v0.8.0/go.mod h1:Czt+wKu1gCyEFDUtn0jG5QVvpJ6rzVqr5aXyt9drQfk=
golang.org/x/text v0.18.0 h1:XvMDiNzPAl0jr17s6W9lcaIhGUfUORdGCNsuLmPG224=
golang.org/x/text v0.18.0/go.mod h1:BuEKDfySbSR4drPmRPG/7iBdf8hvFMuRexcpahXilzY=
gopkg.in/check.v1 v0.0.0-20161208181325-20d25e280405/go.mod h1:Co6ibVJAznAaIkqp8huTwlJQCZ016jof/cbN4VW5Yz0=
gopkg.in/yaml.v3 v3.0.0-20200313102051-9f266ea9e77c/go.mod h1:K4uyk7z7BCEPqu6E+C64Yfv1cQ7kz7rIZviUmN+EgEM=
gopkg.in/yaml.v3 v3.0.1 h1:fxVm/GzAzEWqLHuvctI91KS9hhNmmWOoWu0XTYJS7CA=
gopkg.in/yaml.v3 v3.0.1/go.mod h1:K4uyk7z7BCEPqu6E+C64Yfv1cQ7kz7rIZviUmN+EgEM=
